
Microsoft Visual Studio Solution File, Format Version 12.00
# Visual Studio Version 17
VisualStudioVersion = 17.3.32825.248
MinimumVisualStudioVersion = 10.0.40219.1
Project("{FAE04EC0-301F-11D3-BF4B-00C04F79EFBC}") = "WinFormsApp1_l01", "WinFormsApp1_l01.csproj", "{1FC684CA-3A9B-4CA2-9518-D295995FF9EC}"
EndProject
Global
	GlobalSection(SolutionConfigurationPlatforms) = preSolution
		Debug|Any CPU = Debug|Any CPU
		Release|Any CPU = Release|Any CPU
	EndGlobalSection
	GlobalSection(ProjectConfigurationPlatforms) = postSolution
		{1FC684CA-3A9B-4CA2-9518-D295995FF9EC}.Debug|Any CPU.ActiveCfg = Debug|Any CPU
		{1FC684CA-3A9B-4CA2-9518-D295995FF9EC}.Debug|Any CPU.Build.0 = Debug|Any CPU
		{1FC684CA-3A9B-4CA2-9518-D295995FF9EC}.Release|Any CPU.ActiveCfg = Release|Any CPU
		{1FC684CA-3A9B-4CA2-9518-D295995FF9EC}.Release|Any CPU.Build.0 = Release|Any CPU
	EndGlobalSection
	GlobalSection(SolutionProperties) = preSolution
		HideSolutionNode = FALSE
	EndGlobalSection
	GlobalSection(ExtensibilityGlobals) = postSolution
		SolutionGuid = {380C32D2-FEB0-469F-A334-7E2B4F6F45FF}
	EndGlobalSection
EndGlobal
