
Microsoft Visual Studio Solution File, Format Version 12.00
# Visual Studio Version 17
VisualStudioVersion = 17.3.32825.248
MinimumVisualStudioVersion = 10.0.40219.1
Project("{FAE04EC0-301F-11D3-BF4B-00C04F79EFBC}") = "ConsoleTest", "ConsoleTest.csproj", "{09CFE132-D299-4C94-8831-8DCBC797DD7C}"
EndProject
Project("{9A19103F-16F7-4668-BE54-9A1E7A4F7556}") = "Libreria", "..\Libreria\Libreria.csproj", "{29E095F3-F513-4E08-8894-6E8D965D8B9F}"
EndProject
Global
	GlobalSection(SolutionConfigurationPlatforms) = preSolution
		Debug|Any CPU = Debug|Any CPU
		Release|Any CPU = Release|Any CPU
	EndGlobalSection
	GlobalSection(ProjectConfigurationPlatforms) = postSolution
		{09CFE132-D299-4C94-8831-8DCBC797DD7C}.Debug|Any CPU.ActiveCfg = Debug|Any CPU
		{09CFE132-D299-4C94-8831-8DCBC797DD7C}.Debug|Any CPU.Build.0 = Debug|Any CPU
		{09CFE132-D299-4C94-8831-8DCBC797DD7C}.Release|Any CPU.ActiveCfg = Release|Any CPU
		{09CFE132-D299-4C94-8831-8DCBC797DD7C}.Release|Any CPU.Build.0 = Release|Any CPU
		{29E095F3-F513-4E08-8894-6E8D965D8B9F}.Debug|Any CPU.ActiveCfg = Debug|Any CPU
		{29E095F3-F513-4E08-8894-6E8D965D8B9F}.Debug|Any CPU.Build.0 = Debug|Any CPU
		{29E095F3-F513-4E08-8894-6E8D965D8B9F}.Release|Any CPU.ActiveCfg = Release|Any CPU
		{29E095F3-F513-4E08-8894-6E8D965D8B9F}.Release|Any CPU.Build.0 = Release|Any CPU
	EndGlobalSection
	GlobalSection(SolutionProperties) = preSolution
		HideSolutionNode = FALSE
	EndGlobalSection
	GlobalSection(ExtensibilityGlobals) = postSolution
		SolutionGuid = {4E7CEEA4-1CF0-4642-8516-264D6424F661}
	EndGlobalSection
EndGlobal
