
Microsoft Visual Studio Solution File, Format Version 12.00
# Visual Studio Version 17
VisualStudioVersion = 17.3.32825.248
MinimumVisualStudioVersion = 10.0.40219.1
Project("{FAE04EC0-301F-11D3-BF4B-00C04F79EFBC}") = "formApp_01", "formApp_01.csproj", "{8B7CCDA9-8DB2-44B6-AD39-A0417317D37E}"
EndProject
Project("{FAE04EC0-301F-11D3-BF4B-00C04F79EFBC}") = "ClassLibrary_01", "..\..\librerias\ClassLibrary_01\ClassLibrary_01.csproj", "{BBE148D9-9C85-46B7-B479-B57C092BE809}"
EndProject
Global
	GlobalSection(SolutionConfigurationPlatforms) = preSolution
		Debug|Any CPU = Debug|Any CPU
		Release|Any CPU = Release|Any CPU
	EndGlobalSection
	GlobalSection(ProjectConfigurationPlatforms) = postSolution
		{8B7CCDA9-8DB2-44B6-AD39-A0417317D37E}.Debug|Any CPU.ActiveCfg = Debug|Any CPU
		{8B7CCDA9-8DB2-44B6-AD39-A0417317D37E}.Debug|Any CPU.Build.0 = Debug|Any CPU
		{8B7CCDA9-8DB2-44B6-AD39-A0417317D37E}.Release|Any CPU.ActiveCfg = Release|Any CPU
		{8B7CCDA9-8DB2-44B6-AD39-A0417317D37E}.Release|Any CPU.Build.0 = Release|Any CPU
		{BBE148D9-9C85-46B7-B479-B57C092BE809}.Debug|Any CPU.ActiveCfg = Debug|Any CPU
		{BBE148D9-9C85-46B7-B479-B57C092BE809}.Debug|Any CPU.Build.0 = Debug|Any CPU
		{BBE148D9-9C85-46B7-B479-B57C092BE809}.Release|Any CPU.ActiveCfg = Release|Any CPU
		{BBE148D9-9C85-46B7-B479-B57C092BE809}.Release|Any CPU.Build.0 = Release|Any CPU
	EndGlobalSection
	GlobalSection(SolutionProperties) = preSolution
		HideSolutionNode = FALSE
	EndGlobalSection
	GlobalSection(ExtensibilityGlobals) = postSolution
		SolutionGuid = {C13B21AB-7B35-4207-9680-F3F7DD12D80B}
	EndGlobalSection
EndGlobal
